{
    "_meta": {
        "hash": {
            "sha256": "99273c2d93b80be6e0bd39c1bf65d59e4d112dfdf1e158851a5f26e7c4446f09"
        },
        "pipfile-spec": 6,
        "requires": {
            "python_version": "3.6.3"
        },
        "sources": [
            {
                "name": "pypi",
                "url": "https://pypi.python.org/simple",
                "verify_ssl": true
            }
        ]
    },
    "default": {
        "certifi": {
            "hashes": [
                "sha256:84c85a9078b11105f04f3036a9482ae10e4621616db313fe045dd24743a0820d",
                "sha256:fe86415d55e84719d75f8b69414f6438ac3547d2078ab91b67e779ef69378412"
            ],
            "markers": "python_version >= '3.6'",
            "version": "==2022.6.15"
        },
        "charset-normalizer": {
            "hashes": [
                "sha256:2857e29ff0d34db842cd7ca3230549d1a697f96ee6d3fb071cfa6c7393832597",
                "sha256:6881edbebdb17b39b4eaaa821b438bf6eddffb4468cf344f09f89def34a8b1df"
            ],
            "markers": "python_version >= '3'",
            "version": "==2.0.12"
        },
        "docker": {
            "hashes": [
                "sha256:11589e3a7742f900978b4d3e3a6910542ea44cc65de82835dc5f25fcdedc2c23",
                "sha256:6f417527b3cfd7ba1f5be5fb1d9a2500706b5968f66773131d81c18e19b7a325"
            ],
            "index": "pypi",
            "version": "==2.6.1"
        },
        "docker-pycreds": {
            "hashes": [
                "sha256:6ce3270bcaf404cc4c3e27e4b6c70d3521deae82fb508767870fdbf772d584d4",
                "sha256:7266112468627868005106ec19cd0d722702d2b7d5912a28e19b826c3d37af49"
            ],
            "version": "==0.4.0"
        },
        "idna": {
            "hashes": [
                "sha256:84d9dd047ffa80596e0f246e2eab0b391788b0503584e8945f2368256d2735ff",
                "sha256:9d643ff0a55b762d5cdb124b8eaa99c66322e2157b69160bc32796e824360e6d"
            ],
            "markers": "python_version >= '3'",
            "version": "==3.3"
        },
        "requests": {
            "hashes": [
                "sha256:68d7c56fd5a8999887728ef304a6d12edc7be74f1cfa47714fc8b414525c9a61",
                "sha256:f22fa1e554c9ddfd16e6e41ac79759e17be9e492b3587efa038054674760e72d"
            ],
            "markers": "python_version >= '2.7' and python_version not in '3.0, 3.1, 3.2, 3.3, 3.4, 3.5'",
            "version": "==2.27.1"
        },
        "six": {
            "hashes": [
                "sha256:1e61c37477a1626458e36f7b1d82aa5c9b094fa4802892072e49de9c60c4c926",
                "sha256:8abb2f1d86890a2dfb989f9a77cfcfd3e47c2a354b01111771326f8aa26e0254"
            ],
            "markers": "python_version >= '2.7' and python_version not in '3.0, 3.1, 3.2, 3.3'",
            "version": "==1.16.0"
        },
        "urllib3": {
            "hashes": [
                "sha256:753a0374df26658f99d826cfe40394a686d05985786d946fbe4165b5148f5a7c",
                "sha256:a7acd0977125325f516bda9735fa7142b909a8d01e8b2e4c8108d0984e6e0098"
            ],
            "index": "pypi",
            "version": "==1.26.5"
        },
        "websocket-client": {
            "hashes": [
                "sha256:074e2ed575e7c822fc0940d31c3ac9bb2b1142c303eafcf3e304e6ce035522e8",
                "sha256:6278a75065395418283f887de7c3beafb3aa68dada5cacbe4b214e8d26da499b"
            ],
            "markers": "python_version >= '3.6'",
            "version": "==1.3.1"
        }
    },
    "develop": {
        "altgraph": {
            "hashes": [
                "sha256:743628f2ac6a7c26f5d9223c91ed8ecbba535f506f4b6f558885a8a56a105857",
                "sha256:ebf2269361b47d97b3b88e696439f6e4cbc607c17c51feb1754f90fb79839158"
            ],
            "version": "==0.17.2"
        },
        "bump2version": {
            "hashes": [
                "sha256:77b404dd620cb1c5abbd4a0233443b95023f499cd5295e1caf6afb1efa95697d",
                "sha256:fe49d35fc346fdda47c2b3bc48b41e15e79385904903d1bca247cc96ecd74e23"
            ],
            "index": "pypi",
            "version": "==0.5.6"
        },
        "future": {
            "hashes": [
                "sha256:b1bead90b70cf6ec3f0710ae53a525360fa360d306a86583adc6bf83a4db537d"
            ],
            "markers": "python_version >= '2.6' and python_version not in '3.0, 3.1, 3.2, 3.3'",
            "version": "==0.18.2"
        },
        "macholib": {
            "hashes": [
                "sha256:001bf281279b986a66d7821790d734e61150d52f40c080899df8fefae056e9f7",
                "sha256:5a0742b587e6e57bfade1ab90651d4877185bf66fd4a176a488116de36878229"
            ],
            "version": "==1.16"
        },
        "pefile": {
            "hashes": [
                "sha256:a5488a3dd1fd021ce33f969780b88fe0f7eebb76eb20996d7318f307612a045b"
            ],
            "markers": "python_version >= '3.6'",
            "version": "==2022.5.30"
        },
        "pyinstaller": {
            "hashes": [
                "sha256:715f81f24b1ef0e5fe3b3c71e7540551838e46e9de30882aa7c0a521147fd1ce"
            ],
            "index": "pypi",
            "version": "==3.3.1"
        },
        "setuptools": {
            "hashes": [
                "sha256:22c7348c6d2976a52632c67f7ab0cdf40147db7789f9aed18734643fe9cf3373",
                "sha256:4ce92f1e1f8f01233ee9952c04f6b81d1e02939d6e1b488428154974a4d0783e"
            ],
            "markers": "python_version >= '3.6'",
            "version": "==59.6.0"
        }
    }
}
