{
    "_meta": {
        "hash": {
            "sha256": "99273c2d93b80be6e0bd39c1bf65d59e4d112dfdf1e158851a5f26e7c4446f09"
        },
        "pipfile-spec": 6,
        "requires": {
            "python_version": "3.6.3"
        },
        "sources": [
            {
                "name": "pypi",
                "url": "https://pypi.python.org/simple",
                "verify_ssl": true
            }
        ]
    },
    "default": {
        "certifi": {
            "hashes": [
                "sha256:35824b4c3a97115964b408844d64aa14db1cc518f6562e8d7261699d1350a9e3",
                "sha256:4ad3232f5e926d6718ec31cfc1fcadfde020920e278684144551c91769c7bc18"
            ],
            "index": "pypi",
            "version": "==2022.12.7"
        },
        "charset-normalizer": {
            "hashes": [
                "sha256:2857e29ff0d34db842cd7ca3230549d1a697f96ee6d3fb071cfa6c7393832597",
                "sha256:6881edbebdb17b39b4eaaa821b438bf6eddffb4468cf344f09f89def34a8b1df"
            ],
            "markers": "python_version >= '3'",
            "version": "==2.0.12"
        },
        "docker": {
            "hashes": [
                "sha256:11589e3a7742f900978b4d3e3a6910542ea44cc65de82835dc5f25fcdedc2c23",
                "sha256:6f417527b3cfd7ba1f5be5fb1d9a2500706b5968f66773131d81c18e19b7a325"
            ],
            "index": "pypi",
            "version": "==2.6.1"
        },
        "docker-pycreds": {
            "hashes": [
                "sha256:6ce3270bcaf404cc4c3e27e4b6c70d3521deae82fb508767870fdbf772d584d4",
                "sha256:7266112468627868005106ec19cd0d722702d2b7d5912a28e19b826c3d37af49"
            ],
            "version": "==0.4.0"
        },
        "idna": {
            "hashes": [
                "sha256:814f528e8dead7d329833b91c5faa87d60bf71824cd12a7530b5526063d02cb4",
                "sha256:90b77e79eaa3eba6de819a0c442c0b4ceefc341a7a2ab77d7562bf49f425c5c2"
            ],
            "markers": "python_version >= '3'",
            "version": "==3.4"
        },
        "requests": {
            "hashes": [
                "sha256:68d7c56fd5a8999887728ef304a6d12edc7be74f1cfa47714fc8b414525c9a61",
                "sha256:f22fa1e554c9ddfd16e6e41ac79759e17be9e492b3587efa038054674760e72d"
            ],
            "markers": "python_version >= '2.7' and python_version not in '3.0, 3.1, 3.2, 3.3, 3.4, 3.5'",
            "version": "==2.27.1"
        },
        "six": {
            "hashes": [
                "sha256:1e61c37477a1626458e36f7b1d82aa5c9b094fa4802892072e49de9c60c4c926",
                "sha256:8abb2f1d86890a2dfb989f9a77cfcfd3e47c2a354b01111771326f8aa26e0254"
            ],
            "markers": "python_version >= '2.7' and python_version not in '3.0, 3.1, 3.2, 3.3'",
            "version": "==1.16.0"
        },
        "urllib3": {
            "hashes": [
                "sha256:47cc05d99aaa09c9e72ed5809b60e7ba354e64b59c9c173ac3018642d8bb41fc",
                "sha256:c083dd0dce68dbfbe1129d5271cb90f9447dea7d52097c6e0126120c521ddea8"
            ],
            "markers": "python_version >= '2.7' and python_version not in '3.0, 3.1, 3.2, 3.3, 3.4, 3.5'",
            "version": "==1.26.13"
        },
        "websocket-client": {
            "hashes": [
                "sha256:074e2ed575e7c822fc0940d31c3ac9bb2b1142c303eafcf3e304e6ce035522e8",
                "sha256:6278a75065395418283f887de7c3beafb3aa68dada5cacbe4b214e8d26da499b"
            ],
            "markers": "python_version >= '3.6'",
            "version": "==1.3.1"
        }
    },
    "develop": {
        "altgraph": {
            "hashes": [
                "sha256:ad33358114df7c9416cdb8fa1eaa5852166c505118717021c6a8c7c7abbd03dd",
                "sha256:c8ac1ca6772207179ed8003ce7687757c04b0b71536f81e2ac5755c6226458fe"
            ],
            "version": "==0.17.3"
        },
        "bump2version": {
            "hashes": [
                "sha256:77b404dd620cb1c5abbd4a0233443b95023f499cd5295e1caf6afb1efa95697d",
                "sha256:fe49d35fc346fdda47c2b3bc48b41e15e79385904903d1bca247cc96ecd74e23"
            ],
            "index": "pypi",
            "version": "==0.5.6"
        },
        "future": {
            "hashes": [
                "sha256:b1bead90b70cf6ec3f0710ae53a525360fa360d306a86583adc6bf83a4db537d"
            ],
            "markers": "python_version >= '2.6' and python_version not in '3.0, 3.1, 3.2, 3.3'",
            "version": "==0.18.2"
        },
        "macholib": {
            "hashes": [
                "sha256:44c40f2cd7d6726af8fa6fe22549178d3a4dfecc35a9cd15ea916d9c83a688e0",
                "sha256:557bbfa1bb255c20e9abafe7ed6cd8046b48d9525db2f9b77d3122a63a2a8bf8"
            ],
            "version": "==1.16.2"
        },
        "pefile": {
            "hashes": [
                "sha256:a5488a3dd1fd021ce33f969780b88fe0f7eebb76eb20996d7318f307612a045b"
            ],
            "markers": "python_version >= '3.6'",
            "version": "==2022.5.30"
        },
        "pyinstaller": {
            "hashes": [
                "sha256:715f81f24b1ef0e5fe3b3c71e7540551838e46e9de30882aa7c0a521147fd1ce"
            ],
            "index": "pypi",
            "version": "==3.3.1"
        },
        "setuptools": {
            "hashes": [
                "sha256:22c7348c6d2976a52632c67f7ab0cdf40147db7789f9aed18734643fe9cf3373",
                "sha256:4ce92f1e1f8f01233ee9952c04f6b81d1e02939d6e1b488428154974a4d0783e"
            ],
            "markers": "python_version >= '3.6'",
            "version": "==59.6.0"
        }
    }
}
